
Microsoft Visual Studio Solution File, Format Version 12.00
# Visual Studio Version 17
VisualStudioVersion = 17.0.31903.59
MinimumVisualStudioVersion = 10.0.40219.1
Project("{FAE04EC0-301F-11D3-BF4B-00C04F79EFBC}") = "API", "API\API.csproj", "{B69EAA0C-FB14-4413-A648-F3D5FA54E23A}"
EndProject
Project("{FAE04EC0-301F-11D3-BF4B-00C04F79EFBC}") = "Application", "Application\Application.csproj", "{D36A3AE0-98FE-4C9F-BD7F-C9BEDF7E8266}"
EndProject
Project("{FAE04EC0-301F-11D3-BF4B-00C04F79EFBC}") = "Domain", "Domain\Domain.csproj", "{EA134A3C-C0D4-48A4-B078-DD2B2CBA38A8}"
EndProject
Project("{FAE04EC0-301F-11D3-BF4B-00C04F79EFBC}") = "Persistence", "Persistence\Persistence.csproj", "{5FD5A01E-3F76-40E1-96BF-D0B6BAD8AAB9}"
EndProject
Global
	GlobalSection(SolutionConfigurationPlatforms) = preSolution
		Debug|Any CPU = Debug|Any CPU
		Release|Any CPU = Release|Any CPU
	EndGlobalSection
	GlobalSection(SolutionProperties) = preSolution
		HideSolutionNode = FALSE
	EndGlobalSection
	GlobalSection(ProjectConfigurationPlatforms) = postSolution
		{B69EAA0C-FB14-4413-A648-F3D5FA54E23A}.Debug|Any CPU.ActiveCfg = Debug|Any CPU
		{B69EAA0C-FB14-4413-A648-F3D5FA54E23A}.Debug|Any CPU.Build.0 = Debug|Any CPU
		{B69EAA0C-FB14-4413-A648-F3D5FA54E23A}.Release|Any CPU.ActiveCfg = Release|Any CPU
		{B69EAA0C-FB14-4413-A648-F3D5FA54E23A}.Release|Any CPU.Build.0 = Release|Any CPU
		{D36A3AE0-98FE-4C9F-BD7F-C9BEDF7E8266}.Debug|Any CPU.ActiveCfg = Debug|Any CPU
		{D36A3AE0-98FE-4C9F-BD7F-C9BEDF7E8266}.Debug|Any CPU.Build.0 = Debug|Any CPU
		{D36A3AE0-98FE-4C9F-BD7F-C9BEDF7E8266}.Release|Any CPU.ActiveCfg = Release|Any CPU
		{D36A3AE0-98FE-4C9F-BD7F-C9BEDF7E8266}.Release|Any CPU.Build.0 = Release|Any CPU
		{EA134A3C-C0D4-48A4-B078-DD2B2CBA38A8}.Debug|Any CPU.ActiveCfg = Debug|Any CPU
		{EA134A3C-C0D4-48A4-B078-DD2B2CBA38A8}.Debug|Any CPU.Build.0 = Debug|Any CPU
		{EA134A3C-C0D4-48A4-B078-DD2B2CBA38A8}.Release|Any CPU.ActiveCfg = Release|Any CPU
		{EA134A3C-C0D4-48A4-B078-DD2B2CBA38A8}.Release|Any CPU.Build.0 = Release|Any CPU
		{5FD5A01E-3F76-40E1-96BF-D0B6BAD8AAB9}.Debug|Any CPU.ActiveCfg = Debug|Any CPU
		{5FD5A01E-3F76-40E1-96BF-D0B6BAD8AAB9}.Debug|Any CPU.Build.0 = Debug|Any CPU
		{5FD5A01E-3F76-40E1-96BF-D0B6BAD8AAB9}.Release|Any CPU.ActiveCfg = Release|Any CPU
		{5FD5A01E-3F76-40E1-96BF-D0B6BAD8AAB9}.Release|Any CPU.Build.0 = Release|Any CPU
	EndGlobalSection
EndGlobal
